
Microsoft Visual Studio Solution File, Format Version 12.00
# Visual Studio Version 16
VisualStudioVersion = 16.0.31729.503
MinimumVisualStudioVersion = 10.0.40219.1
Project("{FAE04EC0-301F-11D3-BF4B-00C04F79EFBC}") = "DnsRip", "DnsRip\DnsRip.csproj", "{4B3A5A1C-122D-46F6-83A5-567F13E42FAD}"
EndProject
Project("{2150E333-8FDC-42A3-9474-1A3956D46DE8}") = "Misc", "Misc", "{F769C151-B58F-4082-A63B-E00E073E6976}"
	ProjectSection(SolutionItems) = preProject
		nuget\256.png = nuget\256.png
		DnsRip\DnsRip.nuspec = DnsRip\DnsRip.nuspec
		README.md = README.md
	EndProjectSection
EndProject
Global
	GlobalSection(SolutionConfigurationPlatforms) = preSolution
		Debug|Any CPU = Debug|Any CPU
		Release|Any CPU = Release|Any CPU
	EndGlobalSection
	GlobalSection(ProjectConfigurationPlatforms) = postSolution
		{4B3A5A1C-122D-46F6-83A5-567F13E42FAD}.Debug|Any CPU.ActiveCfg = Debug|Any CPU
		{4B3A5A1C-122D-46F6-83A5-567F13E42FAD}.Debug|Any CPU.Build.0 = Debug|Any CPU
		{4B3A5A1C-122D-46F6-83A5-567F13E42FAD}.Release|Any CPU.ActiveCfg = Release|Any CPU
		{4B3A5A1C-122D-46F6-83A5-567F13E42FAD}.Release|Any CPU.Build.0 = Release|Any CPU
	EndGlobalSection
	GlobalSection(SolutionProperties) = preSolution
		HideSolutionNode = FALSE
	EndGlobalSection
	GlobalSection(ExtensibilityGlobals) = postSolution
		SolutionGuid = {6504695A-8EDE-46EE-886E-075AFF7F5D7D}
	EndGlobalSection
EndGlobal
